<?xml version="1.0" encoding="utf-8"?>
<Project ToolsVersion="4.0" xmlns="http://schemas.microsoft.com/developer/msbuild/2003">
  <ItemGroup>
    <Filter Include="Source Files">
      <UniqueIdentifier>{4FC737F1-C7A5-4376-A066-2A32D752A2FF}</UniqueIdentifier>
      <Extensions>cpp;c;cxx;cc;s;asm</Extensions>
    </Filter>
    <Filter Include="Header Files">
      <UniqueIdentifier>{93995380-89BD-4b04-88EB-625FBE52EBFB}</UniqueIdentifier>
      <Extensions>h;hpp</Extensions>
    </Filter>
    <Filter Include="Source Files\audio">
      <UniqueIdentifier>{73ead378-eb3b-4988-83bd-cdb90577ab4f}</UniqueIdentifier>
    </Filter>
    <Filter Include="Source Files\menus">
      <UniqueIdentifier>{9f621e9b-66ed-4202-9b30-072a8ad96362}</UniqueIdentifier>
    </Filter>
    <Filter Include="Header Files\audio">
      <UniqueIdentifier>{6224a492-175f-4d16-9509-51ccf1f89926}</UniqueIdentifier>
    </Filter>
    <Filter Include="Header Files\menus">
      <UniqueIdentifier>{c3baaaeb-6690-40f1-9e98-88b5e91479ed}</UniqueIdentifier>
    </Filter>
  </ItemGroup>
  <ItemGroup>
    <ClCompile Include="source\common.c">
      <Filter>Source Files</Filter>
    </ClCompile>
    <ClCompile Include="source\config.c">
      <Filter>Source Files</Filter>
    </ClCompile>
    <ClCompile Include="source\dirbrowse.c">
      <Filter>Source Files</Filter>
    </ClCompile>
    <ClCompile Include="source\fs.c">
      <Filter>Source Files</Filter>
    </ClCompile>
    <ClCompile Include="source\main.c">
      <Filter>Source Files</Filter>
    </ClCompile>
    <ClCompile Include="source\motion.c">
      <Filter>Source Files</Filter>
    </ClCompile>
    <ClCompile Include="source\textures.c">
      <Filter>Source Files</Filter>
    </ClCompile>
    <ClCompile Include="source\touch.c">
      <Filter>Source Files</Filter>
    </ClCompile>
    <ClCompile Include="source\utils.c">
      <Filter>Source Files</Filter>
    </ClCompile>
    <ClCompile Include="source\audio\at3.c">
      <Filter>Source Files\audio</Filter>
    </ClCompile>
    <ClCompile Include="source\audio\audio.c">
      <Filter>Source Files\audio</Filter>
    </ClCompile>
    <ClCompile Include="source\audio\flac.c">
      <Filter>Source Files\audio</Filter>
    </ClCompile>
    <ClCompile Include="source\audio\id3.c">
      <Filter>Source Files\audio</Filter>
    </ClCompile>
    <ClCompile Include="source\audio\mp3.c">
      <Filter>Source Files\audio</Filter>
    </ClCompile>
    <ClCompile Include="source\audio\ogg.c">
      <Filter>Source Files\audio</Filter>
    </ClCompile>
    <ClCompile Include="source\audio\opus.c">
      <Filter>Source Files\audio</Filter>
    </ClCompile>
    <ClCompile Include="source\audio\sh_common.c">
      <Filter>Source Files\audio</Filter>
    </ClCompile>
    <ClCompile Include="source\audio\vitaaudiolib.c">
      <Filter>Source Files\audio</Filter>
    </ClCompile>
    <ClCompile Include="source\audio\xm.c">
      <Filter>Source Files\audio</Filter>
    </ClCompile>
    <ClCompile Include="source\menus\menu_audioplayer.c">
      <Filter>Source Files\menus</Filter>
    </ClCompile>
    <ClCompile Include="source\menus\menu_displayfiles.c">
      <Filter>Source Files\menus</Filter>
    </ClCompile>
    <ClCompile Include="source\menus\menu_settings.c">
      <Filter>Source Files\menus</Filter>
    </ClCompile>
  </ItemGroup>
  <ItemGroup>
    <ClInclude Include="include\common.h">
      <Filter>Header Files</Filter>
    </ClInclude>
    <ClInclude Include="include\config.h">
      <Filter>Header Files</Filter>
    </ClInclude>
    <ClInclude Include="include\dirbrowse.h">
      <Filter>Header Files</Filter>
    </ClInclude>
    <ClInclude Include="include\fs.h">
      <Filter>Header Files</Filter>
    </ClInclude>
    <ClInclude Include="include\textures.h">
      <Filter>Header Files</Filter>
    </ClInclude>
    <ClInclude Include="include\utils.h">
      <Filter>Header Files</Filter>
    </ClInclude>
    <ClInclude Include="include\audio\at3.h">
      <Filter>Header Files\audio</Filter>
    </ClInclude>
    <ClInclude Include="include\audio\audio.h">
      <Filter>Header Files\audio</Filter>
    </ClInclude>
    <ClInclude Include="include\audio\flac.h">
      <Filter>Header Files\audio</Filter>
    </ClInclude>
    <ClInclude Include="include\audio\id3.h">
      <Filter>Header Files\audio</Filter>
    </ClInclude>
    <ClInclude Include="include\audio\mp3.h">
      <Filter>Header Files\audio</Filter>
    </ClInclude>
    <ClInclude Include="include\audio\ogg.h">
      <Filter>Header Files\audio</Filter>
    </ClInclude>
    <ClInclude Include="include\audio\opus.h">
      <Filter>Header Files\audio</Filter>
    </ClInclude>
    <ClInclude Include="include\audio\sh_common.h">
      <Filter>Header Files\audio</Filter>
    </ClInclude>
    <ClInclude Include="include\audio\vitaaudiolib.h">
      <Filter>Header Files\audio</Filter>
    </ClInclude>
    <ClInclude Include="include\audio\xm.h">
      <Filter>Header Files\audio</Filter>
    </ClInclude>
    <ClInclude Include="include\menus\menu_audioplayer.h">
      <Filter>Header Files\menus</Filter>
    </ClInclude>
    <ClInclude Include="include\menus\menu_displayfiles.h">
      <Filter>Header Files\menus</Filter>
    </ClInclude>
    <ClInclude Include="include\menus\menu_settings.h">
      <Filter>Header Files\menus</Filter>
    </ClInclude>
    <ClInclude Include="include\motion_e.h">
      <Filter>Header Files</Filter>
    </ClInclude>
    <ClInclude Include="include\touch_e.h">
      <Filter>Header Files</Filter>
    </ClInclude>
  </ItemGroup>
</Project>