
Microsoft Visual Studio Solution File, Format Version 12.00
# Visual Studio 15
VisualStudioVersion = 15.0.28307.1401
MinimumVisualStudioVersion = 10.0.40219.1
Project("{8BC9CEB8-8B4A-11D0-8D11-00A0C91BC942}") = "ElevenMPV-A", "ElevenMPV-A\ElevenMPV-A.vcxproj", "{C1CA520F-B824-44D0-91F4-33EE6287D6EB}"
	ProjectSection(ProjectDependencies) = postProject
		{08427615-73E3-4334-B91C-89425EFCA190} = {08427615-73E3-4334-B91C-89425EFCA190}
	EndProjectSection
EndProject
Project("{8BC9CEB8-8B4A-11D0-8D11-00A0C91BC942}") = "ElevenMPV-A-ShellPlugin", "ElevenMPV-A-ShellPlugin\ElevenMPV-A-ShellPlugin.vcxproj", "{08427615-73E3-4334-B91C-89425EFCA190}"
EndProject
Global
	GlobalSection(SolutionConfigurationPlatforms) = preSolution
		Debug|PSVita = Debug|PSVita
		Release|PSVita = Release|PSVita
	EndGlobalSection
	GlobalSection(ProjectConfigurationPlatforms) = postSolution
		{C1CA520F-B824-44D0-91F4-33EE6287D6EB}.Debug|PSVita.ActiveCfg = Debug|PSVita
		{C1CA520F-B824-44D0-91F4-33EE6287D6EB}.Debug|PSVita.Build.0 = Debug|PSVita
		{C1CA520F-B824-44D0-91F4-33EE6287D6EB}.Release|PSVita.ActiveCfg = Release|PSVita
		{C1CA520F-B824-44D0-91F4-33EE6287D6EB}.Release|PSVita.Build.0 = Release|PSVita
		{08427615-73E3-4334-B91C-89425EFCA190}.Debug|PSVita.ActiveCfg = Debug|PSVita
		{08427615-73E3-4334-B91C-89425EFCA190}.Debug|PSVita.Build.0 = Debug|PSVita
		{08427615-73E3-4334-B91C-89425EFCA190}.Release|PSVita.ActiveCfg = Release|PSVita
		{08427615-73E3-4334-B91C-89425EFCA190}.Release|PSVita.Build.0 = Release|PSVita
	EndGlobalSection
	GlobalSection(SolutionProperties) = preSolution
		HideSolutionNode = FALSE
	EndGlobalSection
	GlobalSection(ExtensibilityGlobals) = postSolution
		SolutionGuid = {167C5349-7D0F-4065-885C-649086300570}
	EndGlobalSection
EndGlobal
